
Microsoft Visual Studio Solution File, Format Version 12.00
# Visual Studio Version 17
VisualStudioVersion = 17.13.35931.197
MinimumVisualStudioVersion = 10.0.40219.1
Project("{FAE04EC0-301F-11D3-BF4B-00C04F79EFBC}") = "Catalog.Application", "Catalog.Application\Catalog.Application.csproj", "{DC5E3B5C-E741-4400-8143-E5FD18CBE340}"
EndProject
Project("{FAE04EC0-301F-11D3-BF4B-00C04F79EFBC}") = "Catalog.Application.Contract", "Catalog.Application.Contract\Catalog.Application.Contract.csproj", "{41FF1AF7-62C4-4044-98D3-73AD862B71EA}"
EndProject
Project("{FAE04EC0-301F-11D3-BF4B-00C04F79EFBC}") = "Catalog.Domain.Core", "Catalog.Domain.Core\Catalog.Domain.Core.csproj", "{86C6ED4B-E073-4DA7-AEB8-5FD7BD563FA3}"
EndProject
Project("{FAE04EC0-301F-11D3-BF4B-00C04F79EFBC}") = "Catalog.Domain.Service", "Catalog.Domain.Service\Catalog.Domain.Service.csproj", "{133FA098-BC23-4012-A930-32395921CC1E}"
EndProject
Project("{FAE04EC0-301F-11D3-BF4B-00C04F79EFBC}") = "Catalog.Infrastructure", "Catalog.Infrastructure\Catalog.Infrastructure.csproj", "{679F3CB1-8D37-4E60-95DE-BFFF1B06FEC0}"
EndProject
Project("{FAE04EC0-301F-11D3-BF4B-00C04F79EFBC}") = "Catalog.Infrastructure.Database", "Catalog.Infrastructure.Database\Catalog.Infrastructure.Database.csproj", "{29D429C6-44D6-4669-B5F1-152C9E384242}"
EndProject
Project("{FAE04EC0-301F-11D3-BF4B-00C04F79EFBC}") = "Catalog.API", "Catalog.API\Catalog.API.csproj", "{DC263114-0C78-4A3D-9933-3B13C8DF80CA}"
EndProject
Global
	GlobalSection(SolutionConfigurationPlatforms) = preSolution
		Debug|Any CPU = Debug|Any CPU
		Release|Any CPU = Release|Any CPU
	EndGlobalSection
	GlobalSection(ProjectConfigurationPlatforms) = postSolution
		{DC5E3B5C-E741-4400-8143-E5FD18CBE340}.Debug|Any CPU.ActiveCfg = Debug|Any CPU
		{DC5E3B5C-E741-4400-8143-E5FD18CBE340}.Debug|Any CPU.Build.0 = Debug|Any CPU
		{DC5E3B5C-E741-4400-8143-E5FD18CBE340}.Release|Any CPU.ActiveCfg = Release|Any CPU
		{DC5E3B5C-E741-4400-8143-E5FD18CBE340}.Release|Any CPU.Build.0 = Release|Any CPU
		{41FF1AF7-62C4-4044-98D3-73AD862B71EA}.Debug|Any CPU.ActiveCfg = Debug|Any CPU
		{41FF1AF7-62C4-4044-98D3-73AD862B71EA}.Debug|Any CPU.Build.0 = Debug|Any CPU
		{41FF1AF7-62C4-4044-98D3-73AD862B71EA}.Release|Any CPU.ActiveCfg = Release|Any CPU
		{41FF1AF7-62C4-4044-98D3-73AD862B71EA}.Release|Any CPU.Build.0 = Release|Any CPU
		{86C6ED4B-E073-4DA7-AEB8-5FD7BD563FA3}.Debug|Any CPU.ActiveCfg = Debug|Any CPU
		{86C6ED4B-E073-4DA7-AEB8-5FD7BD563FA3}.Debug|Any CPU.Build.0 = Debug|Any CPU
		{86C6ED4B-E073-4DA7-AEB8-5FD7BD563FA3}.Release|Any CPU.ActiveCfg = Release|Any CPU
		{86C6ED4B-E073-4DA7-AEB8-5FD7BD563FA3}.Release|Any CPU.Build.0 = Release|Any CPU
		{133FA098-BC23-4012-A930-32395921CC1E}.Debug|Any CPU.ActiveCfg = Debug|Any CPU
		{133FA098-BC23-4012-A930-32395921CC1E}.Debug|Any CPU.Build.0 = Debug|Any CPU
		{133FA098-BC23-4012-A930-32395921CC1E}.Release|Any CPU.ActiveCfg = Release|Any CPU
		{133FA098-BC23-4012-A930-32395921CC1E}.Release|Any CPU.Build.0 = Release|Any CPU
		{679F3CB1-8D37-4E60-95DE-BFFF1B06FEC0}.Debug|Any CPU.ActiveCfg = Debug|Any CPU
		{679F3CB1-8D37-4E60-95DE-BFFF1B06FEC0}.Debug|Any CPU.Build.0 = Debug|Any CPU
		{679F3CB1-8D37-4E60-95DE-BFFF1B06FEC0}.Release|Any CPU.ActiveCfg = Release|Any CPU
		{679F3CB1-8D37-4E60-95DE-BFFF1B06FEC0}.Release|Any CPU.Build.0 = Release|Any CPU
		{29D429C6-44D6-4669-B5F1-152C9E384242}.Debug|Any CPU.ActiveCfg = Debug|Any CPU
		{29D429C6-44D6-4669-B5F1-152C9E384242}.Debug|Any CPU.Build.0 = Debug|Any CPU
		{29D429C6-44D6-4669-B5F1-152C9E384242}.Release|Any CPU.ActiveCfg = Release|Any CPU
		{29D429C6-44D6-4669-B5F1-152C9E384242}.Release|Any CPU.Build.0 = Release|Any CPU
		{DC263114-0C78-4A3D-9933-3B13C8DF80CA}.Debug|Any CPU.ActiveCfg = Debug|Any CPU
		{DC263114-0C78-4A3D-9933-3B13C8DF80CA}.Debug|Any CPU.Build.0 = Debug|Any CPU
		{DC263114-0C78-4A3D-9933-3B13C8DF80CA}.Release|Any CPU.ActiveCfg = Release|Any CPU
		{DC263114-0C78-4A3D-9933-3B13C8DF80CA}.Release|Any CPU.Build.0 = Release|Any CPU
	EndGlobalSection
	GlobalSection(SolutionProperties) = preSolution
		HideSolutionNode = FALSE
	EndGlobalSection
	GlobalSection(ExtensibilityGlobals) = postSolution
		SolutionGuid = {06AD894E-280F-413B-B4DA-736D8C5175E6}
	EndGlobalSection
EndGlobal
